
Microsoft Visual Studio Solution File, Format Version 11.00
# Visual Studio 2010
Project("{FAE04EC0-301F-11D3-BF4B-00C04F79EFBC}") = "Assembly-CSharp", "Assembly-CSharp.csproj", "{937CE79C-294E-FD37-7018-41D77E635847}"
EndProject
Project("{FAE04EC0-301F-11D3-BF4B-00C04F79EFBC}") = "MacBLAS", "MacBLAS.csproj", "{DB07CCB1-6B64-9805-2B3B-1D506024AA7A}"
EndProject
Project("{FAE04EC0-301F-11D3-BF4B-00C04F79EFBC}") = "iOSBLAS", "iOSBLAS.csproj", "{6E8D936D-80B1-DF3B-42AD-F0F6C519C0AF}"
EndProject
Project("{FAE04EC0-301F-11D3-BF4B-00C04F79EFBC}") = "Assembly-CSharp-Editor", "Assembly-CSharp-Editor.csproj", "{BC0357CA-B53C-56A5-7927-38DF676B9003}"
EndProject
Project("{FAE04EC0-301F-11D3-BF4B-00C04F79EFBC}") = "Barracuda-editor", "Barracuda-editor.csproj", "{B7E5242E-C85C-755A-1F4D-861E1E613AA5}"
EndProject
Global
	GlobalSection(SolutionConfigurationPlatforms) = preSolution
		Debug|Any CPU = Debug|Any CPU
		Release|Any CPU = Release|Any CPU
	EndGlobalSection
	GlobalSection(ProjectConfigurationPlatforms) = postSolution
		{937CE79C-294E-FD37-7018-41D77E635847}.Debug|Any CPU.ActiveCfg = Debug|Any CPU
		{937CE79C-294E-FD37-7018-41D77E635847}.Debug|Any CPU.Build.0 = Debug|Any CPU
		{937CE79C-294E-FD37-7018-41D77E635847}.Release|Any CPU.ActiveCfg = Release|Any CPU
		{937CE79C-294E-FD37-7018-41D77E635847}.Release|Any CPU.Build.0 = Release|Any CPU
		{DB07CCB1-6B64-9805-2B3B-1D506024AA7A}.Debug|Any CPU.ActiveCfg = Debug|Any CPU
		{DB07CCB1-6B64-9805-2B3B-1D506024AA7A}.Debug|Any CPU.Build.0 = Debug|Any CPU
		{DB07CCB1-6B64-9805-2B3B-1D506024AA7A}.Release|Any CPU.ActiveCfg = Release|Any CPU
		{DB07CCB1-6B64-9805-2B3B-1D506024AA7A}.Release|Any CPU.Build.0 = Release|Any CPU
		{6E8D936D-80B1-DF3B-42AD-F0F6C519C0AF}.Debug|Any CPU.ActiveCfg = Debug|Any CPU
		{6E8D936D-80B1-DF3B-42AD-F0F6C519C0AF}.Debug|Any CPU.Build.0 = Debug|Any CPU
		{6E8D936D-80B1-DF3B-42AD-F0F6C519C0AF}.Release|Any CPU.ActiveCfg = Release|Any CPU
		{6E8D936D-80B1-DF3B-42AD-F0F6C519C0AF}.Release|Any CPU.Build.0 = Release|Any CPU
		{BC0357CA-B53C-56A5-7927-38DF676B9003}.Debug|Any CPU.ActiveCfg = Debug|Any CPU
		{BC0357CA-B53C-56A5-7927-38DF676B9003}.Debug|Any CPU.Build.0 = Debug|Any CPU
		{BC0357CA-B53C-56A5-7927-38DF676B9003}.Release|Any CPU.ActiveCfg = Release|Any CPU
		{BC0357CA-B53C-56A5-7927-38DF676B9003}.Release|Any CPU.Build.0 = Release|Any CPU
		{B7E5242E-C85C-755A-1F4D-861E1E613AA5}.Debug|Any CPU.ActiveCfg = Debug|Any CPU
		{B7E5242E-C85C-755A-1F4D-861E1E613AA5}.Debug|Any CPU.Build.0 = Debug|Any CPU
		{B7E5242E-C85C-755A-1F4D-861E1E613AA5}.Release|Any CPU.ActiveCfg = Release|Any CPU
		{B7E5242E-C85C-755A-1F4D-861E1E613AA5}.Release|Any CPU.Build.0 = Release|Any CPU
	EndGlobalSection
	GlobalSection(SolutionProperties) = preSolution
		HideSolutionNode = FALSE
	EndGlobalSection
EndGlobal
