
Microsoft Visual Studio Solution File, Format Version 11.00
# Visual Studio 2010
Project("{FAE04EC0-301F-11D3-BF4B-00C04F79EFBC}") = "Assembly-CSharp", "Assembly-CSharp.csproj", "{9F86CD2A-1081-AEA2-EC1D-BD33DE457ACD}"
EndProject
Project("{FAE04EC0-301F-11D3-BF4B-00C04F79EFBC}") = "MacBLAS", "MacBLAS.csproj", "{4BA2DAD0-12A0-0CFE-F818-2985A6BD366C}"
EndProject
Project("{FAE04EC0-301F-11D3-BF4B-00C04F79EFBC}") = "iOSBLAS", "iOSBLAS.csproj", "{EDE9A849-50F6-F4CB-8735-B2EA57E082A4}"
EndProject
Project("{FAE04EC0-301F-11D3-BF4B-00C04F79EFBC}") = "Assembly-CSharp-Editor", "Assembly-CSharp-Editor.csproj", "{059C5020-9A38-4A90-F544-661D1FC267D2}"
EndProject
Project("{FAE04EC0-301F-11D3-BF4B-00C04F79EFBC}") = "Barracuda-editor", "Barracuda-editor.csproj", "{E1E6D15A-1F57-DDA0-ABDB-3E3A8E48EEFE}"
EndProject
Global
	GlobalSection(SolutionConfigurationPlatforms) = preSolution
		Debug|Any CPU = Debug|Any CPU
		Release|Any CPU = Release|Any CPU
	EndGlobalSection
	GlobalSection(ProjectConfigurationPlatforms) = postSolution
		{9F86CD2A-1081-AEA2-EC1D-BD33DE457ACD}.Debug|Any CPU.ActiveCfg = Debug|Any CPU
		{9F86CD2A-1081-AEA2-EC1D-BD33DE457ACD}.Debug|Any CPU.Build.0 = Debug|Any CPU
		{9F86CD2A-1081-AEA2-EC1D-BD33DE457ACD}.Release|Any CPU.ActiveCfg = Release|Any CPU
		{9F86CD2A-1081-AEA2-EC1D-BD33DE457ACD}.Release|Any CPU.Build.0 = Release|Any CPU
		{4BA2DAD0-12A0-0CFE-F818-2985A6BD366C}.Debug|Any CPU.ActiveCfg = Debug|Any CPU
		{4BA2DAD0-12A0-0CFE-F818-2985A6BD366C}.Debug|Any CPU.Build.0 = Debug|Any CPU
		{4BA2DAD0-12A0-0CFE-F818-2985A6BD366C}.Release|Any CPU.ActiveCfg = Release|Any CPU
		{4BA2DAD0-12A0-0CFE-F818-2985A6BD366C}.Release|Any CPU.Build.0 = Release|Any CPU
		{EDE9A849-50F6-F4CB-8735-B2EA57E082A4}.Debug|Any CPU.ActiveCfg = Debug|Any CPU
		{EDE9A849-50F6-F4CB-8735-B2EA57E082A4}.Debug|Any CPU.Build.0 = Debug|Any CPU
		{EDE9A849-50F6-F4CB-8735-B2EA57E082A4}.Release|Any CPU.ActiveCfg = Release|Any CPU
		{EDE9A849-50F6-F4CB-8735-B2EA57E082A4}.Release|Any CPU.Build.0 = Release|Any CPU
		{059C5020-9A38-4A90-F544-661D1FC267D2}.Debug|Any CPU.ActiveCfg = Debug|Any CPU
		{059C5020-9A38-4A90-F544-661D1FC267D2}.Debug|Any CPU.Build.0 = Debug|Any CPU
		{059C5020-9A38-4A90-F544-661D1FC267D2}.Release|Any CPU.ActiveCfg = Release|Any CPU
		{059C5020-9A38-4A90-F544-661D1FC267D2}.Release|Any CPU.Build.0 = Release|Any CPU
		{E1E6D15A-1F57-DDA0-ABDB-3E3A8E48EEFE}.Debug|Any CPU.ActiveCfg = Debug|Any CPU
		{E1E6D15A-1F57-DDA0-ABDB-3E3A8E48EEFE}.Debug|Any CPU.Build.0 = Debug|Any CPU
		{E1E6D15A-1F57-DDA0-ABDB-3E3A8E48EEFE}.Release|Any CPU.ActiveCfg = Release|Any CPU
		{E1E6D15A-1F57-DDA0-ABDB-3E3A8E48EEFE}.Release|Any CPU.Build.0 = Release|Any CPU
	EndGlobalSection
	GlobalSection(SolutionProperties) = preSolution
		HideSolutionNode = FALSE
	EndGlobalSection
EndGlobal
